{
  "name": "index-generator",
  "version": "1.0.0",
  "lockfileVersion": 1,
  "requires": true,
  "dependencies": {
    "@types/node": {
      "version": "10.12.29",
      "resolved": "https://registry.npmjs.org/@types/node/-/node-10.12.29.tgz",
      "integrity": "sha512-J/tnbnj8HcsBgCe2apZbdUpQ7hs4d7oZNTYA5bekWdP0sr2NGsOpI/HRdDroEi209tEvTcTtxhD0FfED3DhEcw=="
    },
    "csv-parse": {
      "version": "4.3.3",
      "resolved": "https://registry.npmjs.org/csv-parse/-/csv-parse-4.3.3.tgz",
      "integrity": "sha512-bZ+AZjm2LlWEp5+TKeFeXDldduCUUaxEif+KUv+zvAwmCvCKTqeSHVEyxztGCQ6OE+87ObRq4NsCmg91SuJbhQ=="
    },
    "ipfsearch-index": {
      "version": "2.5.5",
      "resolved": "https://registry.npmjs.org/ipfsearch-index/-/ipfsearch-index-2.5.5.tgz",
      "integrity": "sha512-BiUFE2uTOHvftvKESurAIBq5HAPHrnJgoIRQ+iEKbBs+X5db7aotL0FDq0YU2KH+NRuDBQbnyw1Fn5xI0YQxnA=="
    },
    "typescript": {
      "version": "3.3.3333",
      "resolved": "https://registry.npmjs.org/typescript/-/typescript-3.3.3333.tgz",
      "integrity": "sha512-JjSKsAfuHBE/fB2oZ8NxtRTk5iGcg6hkYXMnZ3Wc+b2RSqejEqTaem11mHASMnFilHrax3sLK0GDzcJrekZYLw=="
    }
  }
}
