{
  "name": "index-generator",
  "version": "1.0.0",
  "lockfileVersion": 1,
  "requires": true,
  "dependencies": {
    "@types/node": {
      "version": "10.14.22",
      "resolved": "https://registry.npmjs.org/@types/node/-/node-10.14.22.tgz",
      "integrity": "sha512-9taxKC944BqoTVjE+UT3pQH0nHZlTvITwfsOZqyc+R3sfJuxaTtxWjfn1K2UlxyPcKHf0rnaXcVFrS9F9vf0bw=="
    },
    "csv-parse": {
      "version": "4.8.2",
      "resolved": "https://registry.npmjs.org/csv-parse/-/csv-parse-4.8.2.tgz",
      "integrity": "sha512-WfYwyJepTbjS5jWAWpVskOJ8Z10231HaFw6qJhSjGrpfMPf3yuoRohlasYsP/6/3YgTQcvZpTvoUo37eaei9Fw=="
    },
    "ipfsearch-index": {
      "version": "2.5.5",
      "resolved": "https://registry.npmjs.org/ipfsearch-index/-/ipfsearch-index-2.5.5.tgz",
      "integrity": "sha512-BiUFE2uTOHvftvKESurAIBq5HAPHrnJgoIRQ+iEKbBs+X5db7aotL0FDq0YU2KH+NRuDBQbnyw1Fn5xI0YQxnA=="
    },
    "typescript": {
      "version": "3.6.4",
      "resolved": "https://registry.npmjs.org/typescript/-/typescript-3.6.4.tgz",
      "integrity": "sha512-unoCll1+l+YK4i4F8f22TaNVPRHcD9PA3yCuZ8g5e0qGqlVlJ/8FSateOLLSagn+Yg5+ZwuPkL8LFUc0Jcvksg=="
    }
  }
}
